{
  "originHash" : "cf9975242a9b9e7257d208e469d8901fac894e01154c3d9d30b6bdebd7e70b84",
  "pins" : [
    {
      "identity" : "swift-sdk",
      "kind" : "remoteSourceControl",
      "location" : "https://github.com/Netmera/swift-sdk",
      "state" : {
        "revision" : "9d9e916c2bdfcd54826eb653e72168edd1c10339",
        "version" : "4.22.1"
      }
    }
  ],
  "version" : 3
}
